{
  "nodes": {
    "nixpkgs": {
      "locked": {
        "lastModified": 1767657734,
        "narHash": "sha256-c4dCl67KV9Ss5EqHjeMiaBlPbEB2Z75B3MeJlijpJhQ=",
        "owner": "NixOS",
        "repo": "nixpkgs",
        "rev": "d4ccebf51ee4dbeb9df364dce1fe9848635c1258",
        "type": "github"
      },
      "original": {
        "owner": "NixOS",
        "ref": "release-25.11",
        "repo": "nixpkgs",
        "type": "github"
      }
    },
    "root": {
      "inputs": {
        "nixpkgs": "nixpkgs"
      }
    }
  },
  "root": "root",
  "version": 7
}
